
Microsoft Visual Studio Solution File, Format Version 12.00
# Visual Studio 2012
Project("{FAE04EC0-301F-11D3-BF4B-00C04F79EFBC}") = "Logo scroller", "Logo scroller\Logo scroller.csproj", "{A6F305D5-DBB0-4A34-8B1D-8DDC8233061A}"
EndProject
Global
	GlobalSection(SolutionConfigurationPlatforms) = preSolution
		Debug|Any CPU = Debug|Any CPU
		Release|Any CPU = Release|Any CPU
	EndGlobalSection
	GlobalSection(ProjectConfigurationPlatforms) = postSolution
		{A6F305D5-DBB0-4A34-8B1D-8DDC8233061A}.Debug|Any CPU.ActiveCfg = Debug|Any CPU
		{A6F305D5-DBB0-4A34-8B1D-8DDC8233061A}.Debug|Any CPU.Build.0 = Debug|Any CPU
		{A6F305D5-DBB0-4A34-8B1D-8DDC8233061A}.Release|Any CPU.ActiveCfg = Release|Any CPU
		{A6F305D5-DBB0-4A34-8B1D-8DDC8233061A}.Release|Any CPU.Build.0 = Release|Any CPU
	EndGlobalSection
	GlobalSection(SolutionProperties) = preSolution
		HideSolutionNode = FALSE
	EndGlobalSection
EndGlobal
